PODS:
  - AFNetworking (3.2.1):
    - AFNetworking/NSURLSession (= 3.2.1)
    - AFNetworking/Reachability (= 3.2.1)
    - AFNetworking/Security (= 3.2.1)
    - AFNetworking/Serialization (= 3.2.1)
    - AFNetworking/UIKit (= 3.2.1)
  - AFNetworking/NSURLSession (3.2.1):
    - AFNetworking/Reachability
    - AFNetworking/Security
    - AFNetworking/Serialization
  - AFNetworking/Reachability (3.2.1)
  - AFNetworking/Security (3.2.1)
  - AFNetworking/Serialization (3.2.1)
  - AFNetworking/UIKit (3.2.1):
    - AFNetworking/NSURLSession
  - LXNetworking (1.0.8):
    - AFNetworking
    - YYCache
  - YYCache (1.0.4)

DEPENDENCIES:
  - LXNetworking

SPEC REPOS:
  https://github.com/cocoapods/specs.git:
    - AFNetworking
    - LXNetworking
    - YYCache

SPEC CHECKSUMS:
  AFNetworking: b6f891fdfaed196b46c7a83cf209e09697b94057
  LXNetworking: eeb31f72861d56e4e24445df7f52ad172c84224e
  YYCache: 8105b6638f5e849296c71f331ff83891a4942952

PODFILE CHECKSUM: 135aa49576a19c1d3a34505693f438f23897a650

COCOAPODS: 1.7.1
